
Microsoft Visual Studio Solution File, Format Version 12.00
# Visual Studio 15
VisualStudioVersion = 15.0.28307.136
MinimumVisualStudioVersion = 10.0.40219.1
Project("{FAE04EC0-301F-11D3-BF4B-00C04F79EFBC}") = "SimpleClassSchedule.Android", "SimpleClassSchedule\SimpleClassSchedule.Android\SimpleClassSchedule.Android.csproj", "{F2A9E103-9DD8-4A24-9547-CBE2D5AD899B}"
EndProject
Project("{FAE04EC0-301F-11D3-BF4B-00C04F79EFBC}") = "SimpleClassSchedule.iOS", "SimpleClassSchedule\SimpleClassSchedule.iOS\SimpleClassSchedule.iOS.csproj", "{6F68526E-3A2A-40BA-A50F-46F43B82950A}"
EndProject
Project("{FAE04EC0-301F-11D3-BF4B-00C04F79EFBC}") = "SimpleClassSchedule", "SimpleClassSchedule\SimpleClassSchedule\SimpleClassSchedule.csproj", "{348042A2-4B1B-43BE-BE0C-2D9A0534B48C}"
EndProject
Global
	GlobalSection(SolutionConfigurationPlatforms) = preSolution
		Debug|Any CPU = Debug|Any CPU
		Debug|iPhone = Debug|iPhone
		Debug|iPhoneSimulator = Debug|iPhoneSimulator
		Release|Any CPU = Release|Any CPU
		Release|iPhone = Release|iPhone
		Release|iPhoneSimulator = Release|iPhoneSimulator
	EndGlobalSection
	GlobalSection(ProjectConfigurationPlatforms) = postSolution
		{F2A9E103-9DD8-4A24-9547-CBE2D5AD899B}.Debug|Any CPU.ActiveCfg = Debug|Any CPU
		{F2A9E103-9DD8-4A24-9547-CBE2D5AD899B}.Debug|Any CPU.Build.0 = Debug|Any CPU
		{F2A9E103-9DD8-4A24-9547-CBE2D5AD899B}.Debug|Any CPU.Deploy.0 = Debug|Any CPU
		{F2A9E103-9DD8-4A24-9547-CBE2D5AD899B}.Debug|iPhone.ActiveCfg = Debug|Any CPU
		{F2A9E103-9DD8-4A24-9547-CBE2D5AD899B}.Debug|iPhone.Build.0 = Debug|Any CPU
		{F2A9E103-9DD8-4A24-9547-CBE2D5AD899B}.Debug|iPhone.Deploy.0 = Debug|Any CPU
		{F2A9E103-9DD8-4A24-9547-CBE2D5AD899B}.Debug|iPhoneSimulator.ActiveCfg = Debug|Any CPU
		{F2A9E103-9DD8-4A24-9547-CBE2D5AD899B}.Debug|iPhoneSimulator.Build.0 = Debug|Any CPU
		{F2A9E103-9DD8-4A24-9547-CBE2D5AD899B}.Debug|iPhoneSimulator.Deploy.0 = Debug|Any CPU
		{F2A9E103-9DD8-4A24-9547-CBE2D5AD899B}.Release|Any CPU.ActiveCfg = Release|Any CPU
		{F2A9E103-9DD8-4A24-9547-CBE2D5AD899B}.Release|Any CPU.Build.0 = Release|Any CPU
		{F2A9E103-9DD8-4A24-9547-CBE2D5AD899B}.Release|Any CPU.Deploy.0 = Release|Any CPU
		{F2A9E103-9DD8-4A24-9547-CBE2D5AD899B}.Release|iPhone.ActiveCfg = Release|Any CPU
		{F2A9E103-9DD8-4A24-9547-CBE2D5AD899B}.Release|iPhone.Build.0 = Release|Any CPU
		{F2A9E103-9DD8-4A24-9547-CBE2D5AD899B}.Release|iPhone.Deploy.0 = Release|Any CPU
		{F2A9E103-9DD8-4A24-9547-CBE2D5AD899B}.Release|iPhoneSimulator.ActiveCfg = Release|Any CPU
		{F2A9E103-9DD8-4A24-9547-CBE2D5AD899B}.Release|iPhoneSimulator.Build.0 = Release|Any CPU
		{F2A9E103-9DD8-4A24-9547-CBE2D5AD899B}.Release|iPhoneSimulator.Deploy.0 = Release|Any CPU
		{6F68526E-3A2A-40BA-A50F-46F43B82950A}.Debug|Any CPU.ActiveCfg = Debug|iPhoneSimulator
		{6F68526E-3A2A-40BA-A50F-46F43B82950A}.Debug|Any CPU.Build.0 = Debug|iPhoneSimulator
		{6F68526E-3A2A-40BA-A50F-46F43B82950A}.Debug|Any CPU.Deploy.0 = Debug|iPhoneSimulator
		{6F68526E-3A2A-40BA-A50F-46F43B82950A}.Debug|iPhone.ActiveCfg = Debug|iPhone
		{6F68526E-3A2A-40BA-A50F-46F43B82950A}.Debug|iPhone.Build.0 = Debug|iPhone
		{6F68526E-3A2A-40BA-A50F-46F43B82950A}.Debug|iPhone.Deploy.0 = Debug|iPhone
		{6F68526E-3A2A-40BA-A50F-46F43B82950A}.Debug|iPhoneSimulator.ActiveCfg = Debug|iPhoneSimulator
		{6F68526E-3A2A-40BA-A50F-46F43B82950A}.Debug|iPhoneSimulator.Build.0 = Debug|iPhoneSimulator
		{6F68526E-3A2A-40BA-A50F-46F43B82950A}.Debug|iPhoneSimulator.Deploy.0 = Debug|iPhoneSimulator
		{6F68526E-3A2A-40BA-A50F-46F43B82950A}.Release|Any CPU.ActiveCfg = Release|iPhone
		{6F68526E-3A2A-40BA-A50F-46F43B82950A}.Release|Any CPU.Build.0 = Release|iPhone
		{6F68526E-3A2A-40BA-A50F-46F43B82950A}.Release|Any CPU.Deploy.0 = Release|iPhone
		{6F68526E-3A2A-40BA-A50F-46F43B82950A}.Release|iPhone.ActiveCfg = Release|iPhone
		{6F68526E-3A2A-40BA-A50F-46F43B82950A}.Release|iPhone.Build.0 = Release|iPhone
		{6F68526E-3A2A-40BA-A50F-46F43B82950A}.Release|iPhone.Deploy.0 = Release|iPhone
		{6F68526E-3A2A-40BA-A50F-46F43B82950A}.Release|iPhoneSimulator.ActiveCfg = Release|iPhoneSimulator
		{6F68526E-3A2A-40BA-A50F-46F43B82950A}.Release|iPhoneSimulator.Build.0 = Release|iPhoneSimulator
		{6F68526E-3A2A-40BA-A50F-46F43B82950A}.Release|iPhoneSimulator.Deploy.0 = Release|iPhoneSimulator
		{348042A2-4B1B-43BE-BE0C-2D9A0534B48C}.Debug|Any CPU.ActiveCfg = Debug|Any CPU
		{348042A2-4B1B-43BE-BE0C-2D9A0534B48C}.Debug|Any CPU.Build.0 = Debug|Any CPU
		{348042A2-4B1B-43BE-BE0C-2D9A0534B48C}.Debug|Any CPU.Deploy.0 = Debug|Any CPU
		{348042A2-4B1B-43BE-BE0C-2D9A0534B48C}.Debug|iPhone.ActiveCfg = Debug|Any CPU
		{348042A2-4B1B-43BE-BE0C-2D9A0534B48C}.Debug|iPhone.Build.0 = Debug|Any CPU
		{348042A2-4B1B-43BE-BE0C-2D9A0534B48C}.Debug|iPhone.Deploy.0 = Debug|Any CPU
		{348042A2-4B1B-43BE-BE0C-2D9A0534B48C}.Debug|iPhoneSimulator.ActiveCfg = Debug|Any CPU
		{348042A2-4B1B-43BE-BE0C-2D9A0534B48C}.Debug|iPhoneSimulator.Build.0 = Debug|Any CPU
		{348042A2-4B1B-43BE-BE0C-2D9A0534B48C}.Debug|iPhoneSimulator.Deploy.0 = Debug|Any CPU
		{348042A2-4B1B-43BE-BE0C-2D9A0534B48C}.Release|Any CPU.ActiveCfg = Release|Any CPU
		{348042A2-4B1B-43BE-BE0C-2D9A0534B48C}.Release|Any CPU.Build.0 = Release|Any CPU
		{348042A2-4B1B-43BE-BE0C-2D9A0534B48C}.Release|Any CPU.Deploy.0 = Release|Any CPU
		{348042A2-4B1B-43BE-BE0C-2D9A0534B48C}.Release|iPhone.ActiveCfg = Release|Any CPU
		{348042A2-4B1B-43BE-BE0C-2D9A0534B48C}.Release|iPhone.Build.0 = Release|Any CPU
		{348042A2-4B1B-43BE-BE0C-2D9A0534B48C}.Release|iPhone.Deploy.0 = Release|Any CPU
		{348042A2-4B1B-43BE-BE0C-2D9A0534B48C}.Release|iPhoneSimulator.ActiveCfg = Release|Any CPU
		{348042A2-4B1B-43BE-BE0C-2D9A0534B48C}.Release|iPhoneSimulator.Build.0 = Release|Any CPU
		{348042A2-4B1B-43BE-BE0C-2D9A0534B48C}.Release|iPhoneSimulator.Deploy.0 = Release|Any CPU
	EndGlobalSection
	GlobalSection(SolutionProperties) = preSolution
		HideSolutionNode = FALSE
	EndGlobalSection
	GlobalSection(ExtensibilityGlobals) = postSolution
		SolutionGuid = {D65E4E75-996F-4279-BB04-7F52D4872EA6}
	EndGlobalSection
EndGlobal
